{
  "name": "quickapply-frontend",
  "lockfileVersion": 3,
  "requires": true,
  "packages": {
    "": {
      "dependencies": {
        "react-hook-form": "^7.52.0"
      }
    },
    "node_modules/react-hook-form": {
      "version": "7.52.0",
      "resolved": "https://registry.npmjs.org/react-hook-form/-/react-hook-form-7.52.0.tgz",
      "integrity": "sha512-mJX506Xc6mirzLsmXUJyqlAI3Kj9Ph2RhplYhUVffeOQSnubK2uVqBFOBJmvKikvbFV91pxVXmDiR+QMF19x6A==",
      "engines": {
        "node": ">=12.22.0"
      },
      "funding": {
        "type": "opencollective",
        "url": "https://opencollective.com/react-hook-form"
      },
      "peerDependencies": {
        "react": "^16.8.0 || ^17 || ^18 || ^19"
      }
    }
  }
}
